
Microsoft Visual Studio Solution File, Format Version 12.00
# Visual Studio 15
VisualStudioVersion = 15.0.27428.2015
MinimumVisualStudioVersion = 10.0.40219.1
Project("{FAE04EC0-301F-11D3-BF4B-00C04F79EFBC}") = "R365CalculatorConsoleApp", "R365CalculatorConsoleApp\R365CalculatorConsoleApp.csproj", "{128C2401-76BE-4F53-B3F9-E41D813B2FE3}"
EndProject
Global
	GlobalSection(SolutionConfigurationPlatforms) = preSolution
		Debug|Any CPU = Debug|Any CPU
		Release|Any CPU = Release|Any CPU
	EndGlobalSection
	GlobalSection(ProjectConfigurationPlatforms) = postSolution
		{128C2401-76BE-4F53-B3F9-E41D813B2FE3}.Debug|Any CPU.ActiveCfg = Debug|Any CPU
		{128C2401-76BE-4F53-B3F9-E41D813B2FE3}.Debug|Any CPU.Build.0 = Debug|Any CPU
		{128C2401-76BE-4F53-B3F9-E41D813B2FE3}.Release|Any CPU.ActiveCfg = Release|Any CPU
		{128C2401-76BE-4F53-B3F9-E41D813B2FE3}.Release|Any CPU.Build.0 = Release|Any CPU
	EndGlobalSection
	GlobalSection(SolutionProperties) = preSolution
		HideSolutionNode = FALSE
	EndGlobalSection
	GlobalSection(ExtensibilityGlobals) = postSolution
		SolutionGuid = {DD3AB6EA-5087-4294-859C-32FEEFAABC1B}
	EndGlobalSection
EndGlobal
